
Microsoft Visual Studio Solution File, Format Version 11.00
# Visual Studio 2010
Project("{FAE04EC0-301F-11D3-BF4B-00C04F79EFBC}") = "UISpaceMinder.Runtime", "UISpaceMinder.Runtime.csproj", "{449c0d44-5963-b102-115f-7638fd4cfba0}"
EndProject
Project("{FAE04EC0-301F-11D3-BF4B-00C04F79EFBC}") = "UISpaceMinder.Editor", "UISpaceMinder.Editor.csproj", "{4c61914c-1320-cfeb-c0a8-2da90b064215}"
EndProject
Project("{FAE04EC0-301F-11D3-BF4B-00C04F79EFBC}") = "UISpaceMinder.Tests", "UISpaceMinder.Tests.csproj", "{699b7454-2215-8b15-1332-e480547e213f}"
EndProject
Project("{FAE04EC0-301F-11D3-BF4B-00C04F79EFBC}") = "Assembly-CSharp", "Assembly-CSharp.csproj", "{1af51bf3-e926-745d-d1bd-902de1bb2441}"
EndProject
Global
	GlobalSection(SolutionConfigurationPlatforms) = preSolution
		Debug|Any CPU = Debug|Any CPU
	EndGlobalSection
	GlobalSection(ProjectConfigurationPlatforms) = postSolution
		{449c0d44-5963-b102-115f-7638fd4cfba0}.Debug|Any CPU.ActiveCfg = Debug|Any CPU
		{449c0d44-5963-b102-115f-7638fd4cfba0}.Debug|Any CPU.Build.0 = Debug|Any CPU
		{4c61914c-1320-cfeb-c0a8-2da90b064215}.Debug|Any CPU.ActiveCfg = Debug|Any CPU
		{4c61914c-1320-cfeb-c0a8-2da90b064215}.Debug|Any CPU.Build.0 = Debug|Any CPU
		{699b7454-2215-8b15-1332-e480547e213f}.Debug|Any CPU.ActiveCfg = Debug|Any CPU
		{699b7454-2215-8b15-1332-e480547e213f}.Debug|Any CPU.Build.0 = Debug|Any CPU
		{1af51bf3-e926-745d-d1bd-902de1bb2441}.Debug|Any CPU.ActiveCfg = Debug|Any CPU
		{1af51bf3-e926-745d-d1bd-902de1bb2441}.Debug|Any CPU.Build.0 = Debug|Any CPU
	EndGlobalSection
	GlobalSection(SolutionProperties) = preSolution
		HideSolutionNode = FALSE
	EndGlobalSection
EndGlobal
